// !$*UTF8*$!
{
	archiveVersion = 1;
	classes = {
	};
	objectVersion = 55;
	objects = {

/* Begin PBXBuildFile section */
		4C0C4CAB28826010000777CF /* Cat_AppApp.swift in Sources */ = {isa = PBXBuildFile; fileRef = 4C0C4CAA28826010000777CF /* Cat_AppApp.swift */; };
		4C0C4CAD28826010000777CF /* ContentView.swift in Sources */ = {isa = PBXBuildFile; fileRef = 4C0C4CAC28826010000777CF /* ContentView.swift */; };
		4C0C4CAF28826010000777CF /* Assets.xcassets in Resources */ = {isa = PBXBuildFile; fileRef = 4C0C4CAE28826010000777CF /* Assets.xcassets */; };
		4C0C4CB228826010000777CF /* Preview Assets.xcassets in Resources */ = {isa = PBXBuildFile; fileRef = 4C0C4CB128826010000777CF /* Preview Assets.xcassets */; };
		4C0C4CB92882604B000777CF /* CatImageView.swift in Sources */ = {isa = PBXBuildFile; fileRef = 4C0C4CB82882604B000777CF /* CatImageView.swift */; };
		4C0C4CBB288260A7000777CF /* CatFactView.swift in Sources */ = {isa = PBXBuildFile; fileRef = 4C0C4CBA288260A7000777CF /* CatFactView.swift */; };
		4C0C4CBD28826259000777CF /* CatFactManager.swift in Sources */ = {isa = PBXBuildFile; fileRef = 4C0C4CBC28826259000777CF /* CatFactManager.swift */; };
		4C0C4CBF2882653C000777CF /* CatFact.swift in Sources */ = {isa = PBXBuildFile; fileRef = 4C0C4CBE2882653C000777CF /* CatFact.swift */; };
		4C0C4CC1288526EB000777CF /* CatInfoManager .swift in Sources */ = {isa = PBXBuildFile; fileRef = 4C0C4CC0288526EB000777CF /* CatInfoManager .swift */; };
		4C0C4CC3288526FE000777CF /* CatID.swift in Sources */ = {isa = PBXBuildFile; fileRef = 4C0C4CC2288526FE000777CF /* CatID.swift */; };
		4C0C4CC528852709000777CF /* CatInfo.swift in Sources */ = {isa = PBXBuildFile; fileRef = 4C0C4CC428852709000777CF /* CatInfo.swift */; };
		4C0C4CC728852716000777CF /* CatIG.swift in Sources */ = {isa = PBXBuildFile; fileRef = 4C0C4CC628852716000777CF /* CatIG.swift */; };
		4C0C4CC928852F32000777CF /* CatInfoView.swift in Sources */ = {isa = PBXBuildFile; fileRef = 4C0C4CC828852F32000777CF /* CatInfoView.swift */; };
/* End PBXBuildFile section */

/* Begin PBXFileReference section */
		4C0C4CA728826010000777CF /* Cat App.app */ = {isa = PBXFileReference; explicitFileType = wrapper.application; includeInIndex = 0; path = "Cat App.app"; sourceTree = BUILT_PRODUCTS_DIR; };
		4C0C4CAA28826010000777CF /* Cat_AppApp.swift */ = {isa = PBXFileReference; lastKnownFileType = sourcecode.swift; path = Cat_AppApp.swift; sourceTree = "<group>"; };
		4C0C4CAC28826010000777CF /* ContentView.swift */ = {isa = PBXFileReference; lastKnownFileType = sourcecode.swift; path = ContentView.swift; sourceTree = "<group>"; };
		4C0C4CAE28826010000777CF /* Assets.xcassets */ = {isa = PBXFileReference; lastKnownFileType = folder.assetcatalog; path = Assets.xcassets; sourceTree = "<group>"; };
		4C0C4CB128826010000777CF /* Preview Assets.xcassets */ = {isa = PBXFileReference; lastKnownFileType = folder.assetcatalog; path = "Preview Assets.xcassets"; sourceTree = "<group>"; };
		4C0C4CB82882604B000777CF /* CatImageView.swift */ = {isa = PBXFileReference; lastKnownFileType = sourcecode.swift; path = CatImageView.swift; sourceTree = "<group>"; };
		4C0C4CBA288260A7000777CF /* CatFactView.swift */ = {isa = PBXFileReference; lastKnownFileType = sourcecode.swift; path = CatFactView.swift; sourceTree = "<group>"; };
		4C0C4CBC28826259000777CF /* CatFactManager.swift */ = {isa = PBXFileReference; lastKnownFileType = sourcecode.swift; path = CatFactManager.swift; sourceTree = "<group>"; };
		4C0C4CBE2882653C000777CF /* CatFact.swift */ = {isa = PBXFileReference; lastKnownFileType = sourcecode.swift; name = CatFact.swift; path = "Cat App/CatFact.swift"; sourceTree = "<group>"; };
		4C0C4CC0288526EB000777CF /* CatInfoManager .swift */ = {isa = PBXFileReference; lastKnownFileType = sourcecode.swift; name = "CatInfoManager .swift"; path = "Cat App/CatInfoManager .swift"; sourceTree = "<group>"; };
		4C0C4CC2288526FE000777CF /* CatID.swift */ = {isa = PBXFileReference; lastKnownFileType = sourcecode.swift; name = CatID.swift; path = "Cat App/CatID.swift"; sourceTree = "<group>"; };
		4C0C4CC428852709000777CF /* CatInfo.swift */ = {isa = PBXFileReference; lastKnownFileType = sourcecode.swift; name = CatInfo.swift; path = "Cat App/CatInfo.swift"; sourceTree = "<group>"; };
		4C0C4CC628852716000777CF /* CatIG.swift */ = {isa = PBXFileReference; lastKnownFileType = sourcecode.swift; name = CatIG.swift; path = "Cat App/CatIG.swift"; sourceTree = "<group>"; };
		4C0C4CC828852F32000777CF /* CatInfoView.swift */ = {isa = PBXFileReference; lastKnownFileType = sourcecode.swift; name = CatInfoView.swift; path = "Cat App/CatInfoView.swift"; sourceTree = "<group>"; };
/* End PBXFileReference section */

/* Begin PBXFrameworksBuildPhase section */
		4C0C4CA428826010000777CF /* Frameworks */ = {
			isa = PBXFrameworksBuildPhase;
			buildActionMask = 2147483647;
			files = (
			);
			runOnlyForDeploymentPostprocessing = 0;
		};
/* End PBXFrameworksBuildPhase section */

/* Begin PBXGroup section */
		4C0C4C9E28826010000777CF = {
			isa = PBXGroup;
			children = (
				4C0C4CC828852F32000777CF /* CatInfoView.swift */,
				4C0C4CC0288526EB000777CF /* CatInfoManager .swift */,
				4C0C4CC2288526FE000777CF /* CatID.swift */,
				4C0C4CC428852709000777CF /* CatInfo.swift */,
				4C0C4CC628852716000777CF /* CatIG.swift */,
				4C0C4CBE2882653C000777CF /* CatFact.swift */,
				4C0C4CA928826010000777CF /* Cat App */,
				4C0C4CA828826010000777CF /* Products */,
			);
			sourceTree = "<group>";
		};
		4C0C4CA828826010000777CF /* Products */ = {
			isa = PBXGroup;
			children = (
				4C0C4CA728826010000777CF /* Cat App.app */,
			);
			name = Products;
			sourceTree = "<group>";
		};
		4C0C4CA928826010000777CF /* Cat App */ = {
			isa = PBXGroup;
			children = (
				4C0C4CAA28826010000777CF /* Cat_AppApp.swift */,
				4C0C4CAC28826010000777CF /* ContentView.swift */,
				4C0C4CBC28826259000777CF /* CatFactManager.swift */,
				4C0C4CBA288260A7000777CF /* CatFactView.swift */,
				4C0C4CB82882604B000777CF /* CatImageView.swift */,
				4C0C4CAE28826010000777CF /* Assets.xcassets */,
				4C0C4CB028826010000777CF /* Preview Content */,
			);
			path = "Cat App";
			sourceTree = "<group>";
		};
		4C0C4CB028826010000777CF /* Preview Content */ = {
			isa = PBXGroup;
			children = (
				4C0C4CB128826010000777CF /* Preview Assets.xcassets */,
			);
			path = "Preview Content";
			sourceTree = "<group>";
		};
/* End PBXGroup section */

/* Begin PBXNativeTarget section */
		4C0C4CA628826010000777CF /* Cat App */ = {
			isa = PBXNativeTarget;
			buildConfigurationList = 4C0C4CB528826010000777CF /* Build configuration list for PBXNativeTarget "Cat App" */;
			buildPhases = (
				4C0C4CA328826010000777CF /* Sources */,
				4C0C4CA428826010000777CF /* Frameworks */,
				4C0C4CA528826010000777CF /* Resources */,
			);
			buildRules = (
			);
			dependencies = (
			);
			name = "Cat App";
			productName = "Cat App";
			productReference = 4C0C4CA728826010000777CF /* Cat App.app */;
			productType = "com.apple.product-type.application";
		};
/* End PBXNativeTarget section */

/* Begin PBXProject section */
		4C0C4C9F28826010000777CF /* Project object */ = {
			isa = PBXProject;
			attributes = {
				BuildIndependentTargetsInParallel = 1;
				LastSwiftUpdateCheck = 1340;
				LastUpgradeCheck = 1340;
				TargetAttributes = {
					4C0C4CA628826010000777CF = {
						CreatedOnToolsVersion = 13.4.1;
					};
				};
			};
			buildConfigurationList = 4C0C4CA228826010000777CF /* Build configuration list for PBXProject "Cat App" */;
			compatibilityVersion = "Xcode 13.0";
			developmentRegion = en;
			hasScannedForEncodings = 0;
			knownRegions = (
				en,
				Base,
			);
			mainGroup = 4C0C4C9E28826010000777CF;
			productRefGroup = 4C0C4CA828826010000777CF /* Products */;
			projectDirPath = "";
			projectRoot = "";
			targets = (
				4C0C4CA628826010000777CF /* Cat App */,
			);
		};
/* End PBXProject section */

/* Begin PBXResourcesBuildPhase section */
		4C0C4CA528826010000777CF /* Resources */ = {
			isa = PBXResourcesBuildPhase;
			buildActionMask = 2147483647;
			files = (
				4C0C4CB228826010000777CF /* Preview Assets.xcassets in Resources */,
				4C0C4CAF28826010000777CF /* Assets.xcassets in Resources */,
			);
			runOnlyForDeploymentPostprocessing = 0;
		};
/* End PBXResourcesBuildPhase section */

/* Begin PBXSourcesBuildPhase section */
		4C0C4CA328826010000777CF /* Sources */ = {
			isa = PBXSourcesBuildPhase;
			buildActionMask = 2147483647;
			files = (
				4C0C4CC728852716000777CF /* CatIG.swift in Sources */,
				4C0C4CAD28826010000777CF /* ContentView.swift in Sources */,
				4C0C4CC528852709000777CF /* CatInfo.swift in Sources */,
				4C0C4CBB288260A7000777CF /* CatFactView.swift in Sources */,
				4C0C4CBF2882653C000777CF /* CatFact.swift in Sources */,
				4C0C4CC3288526FE000777CF /* CatID.swift in Sources */,
				4C0C4CBD28826259000777CF /* CatFactManager.swift in Sources */,
				4C0C4CC1288526EB000777CF /* CatInfoManager .swift in Sources */,
				4C0C4CC928852F32000777CF /* CatInfoView.swift in Sources */,
				4C0C4CAB28826010000777CF /* Cat_AppApp.swift in Sources */,
				4C0C4CB92882604B000777CF /* CatImageView.swift in Sources */,
			);
			runOnlyForDeploymentPostprocessing = 0;
		};
/* End PBXSourcesBuildPhase section */

/* Begin XCBuildConfiguration section */
		4C0C4CB328826010000777CF /* Debug */ = {
			isa = XCBuildConfiguration;
			buildSettings = {
				ALWAYS_SEARCH_USER_PATHS = NO;
				CLANG_ANALYZER_NONNULL = YES;
				CLANG_ANALYZER_NUMBER_OBJECT_CONVERSION = YES_AGGRESSIVE;
				CLANG_CXX_LANGUAGE_STANDARD = "gnu++17";
				CLANG_ENABLE_MODULES = YES;
				CLANG_ENABLE_OBJC_ARC = YES;
				CLANG_ENABLE_OBJC_WEAK = YES;
				CLANG_WARN_BLOCK_CAPTURE_AUTORELEASING = YES;
				CLANG_WARN_BOOL_CONVERSION = YES;
				CLANG_WARN_COMMA = YES;
				CLANG_WARN_CONSTANT_CONVERSION = YES;
				CLANG_WARN_DEPRECATED_OBJC_IMPLEMENTATIONS = YES;
				CLANG_WARN_DIRECT_OBJC_ISA_USAGE = YES_ERROR;
				CLANG_WARN_DOCUMENTATION_COMMENTS = YES;
				CLANG_WARN_EMPTY_BODY = YES;
				CLANG_WARN_ENUM_CONVERSION = YES;
				CLANG_WARN_INFINITE_RECURSION = YES;
				CLANG_WARN_INT_CONVERSION = YES;
				CLANG_WARN_NON_LITERAL_NULL_CONVERSION = YES;
				CLANG_WARN_OBJC_IMPLICIT_RETAIN_SELF = YES;
				CLANG_WARN_OBJC_LITERAL_CONVERSION = YES;
				CLANG_WARN_OBJC_ROOT_CLASS = YES_ERROR;
				CLANG_WARN_QUOTED_INCLUDE_IN_FRAMEWORK_HEADER = YES;
				CLANG_WARN_RANGE_LOOP_ANALYSIS = YES;
				CLANG_WARN_STRICT_PROTOTYPES = YES;
				CLANG_WARN_SUSPICIOUS_MOVE = YES;
				CLANG_WARN_UNGUARDED_AVAILABILITY = YES_AGGRESSIVE;
				CLANG_WARN_UNREACHABLE_CODE = YES;
				CLANG_WARN__DUPLICATE_METHOD_MATCH = YES;
				COPY_PHASE_STRIP = NO;
				DEBUG_INFORMATION_FORMAT = dwarf;
				ENABLE_STRICT_OBJC_MSGSEND = YES;
				ENABLE_TESTABILITY = YES;
				GCC_C_LANGUAGE_STANDARD = gnu11;
				GCC_DYNAMIC_NO_PIC = NO;
				GCC_NO_COMMON_BLOCKS = YES;
				GCC_OPTIMIZATION_LEVEL = 0;
				GCC_PREPROCESSOR_DEFINITIONS = (
					"DEBUG=1",
					"$(inherited)",
				);
				GCC_WARN_64_TO_32_BIT_CONVERSION = YES;
				GCC_WARN_ABOUT_RETURN_TYPE = YES_ERROR;
				GCC_WARN_UNDECLARED_SELECTOR = YES;
				GCC_WARN_UNINITIALIZED_AUTOS = YES_AGGRESSIVE;
				GCC_WARN_UNUSED_FUNCTION = YES;
				GCC_WARN_UNUSED_VARIABLE = YES;
				IPHONEOS_DEPLOYMENT_TARGET = 15.5;
				MTL_ENABLE_DEBUG_INFO = INCLUDE_SOURCE;
				MTL_FAST_MATH = YES;
				ONLY_ACTIVE_ARCH = YES;
				SDKROOT = iphoneos;
				SWIFT_ACTIVE_COMPILATION_CONDITIONS = DEBUG;
				SWIFT_OPTIMIZATION_LEVEL = "-Onone";
			};
			name = Debug;
		};
		4C0C4CB428826010000777CF /* Release */ = {
			isa = XCBuildConfiguration;
			buildSettings = {
				ALWAYS_SEARCH_USER_PATHS = NO;
				CLANG_ANALYZER_NONNULL = YES;
				CLANG_ANALYZER_NUMBER_OBJECT_CONVERSION = YES_AGGRESSIVE;
				CLANG_CXX_LANGUAGE_STANDARD = "gnu++17";
				CLANG_ENABLE_MODULES = YES;
				CLANG_ENABLE_OBJC_ARC = YES;
				CLANG_ENABLE_OBJC_WEAK = YES;
				CLANG_WARN_BLOCK_CAPTURE_AUTORELEASING = YES;
				CLANG_WARN_BOOL_CONVERSION = YES;
				CLANG_WARN_COMMA = YES;
				CLANG_WARN_CONSTANT_CONVERSION = YES;
				CLANG_WARN_DEPRECATED_OBJC_IMPLEMENTATIONS = YES;
				CLANG_WARN_DIRECT_OBJC_ISA_USAGE = YES_ERROR;
				CLANG_WARN_DOCUMENTATION_COMMENTS = YES;
				CLANG_WARN_EMPTY_BODY = YES;
				CLANG_WARN_ENUM_CONVERSION = YES;
				CLANG_WARN_INFINITE_RECURSION = YES;
				CLANG_WARN_INT_CONVERSION = YES;
				CLANG_WARN_NON_LITERAL_NULL_CONVERSION = YES;
				CLANG_WARN_OBJC_IMPLICIT_RETAIN_SELF = YES;
				CLANG_WARN_OBJC_LITERAL_CONVERSION = YES;
				CLANG_WARN_OBJC_ROOT_CLASS = YES_ERROR;
				CLANG_WARN_QUOTED_INCLUDE_IN_FRAMEWORK_HEADER = YES;
				CLANG_WARN_RANGE_LOOP_ANALYSIS = YES;
				CLANG_WARN_STRICT_PROTOTYPES = YES;
				CLANG_WARN_SUSPICIOUS_MOVE = YES;
				CLANG_WARN_UNGUARDED_AVAILABILITY = YES_AGGRESSIVE;
				CLANG_WARN_UNREACHABLE_CODE = YES;
				CLANG_WARN__DUPLICATE_METHOD_MATCH = YES;
				COPY_PHASE_STRIP = NO;
				DEBUG_INFORMATION_FORMAT = "dwarf-with-dsym";
				ENABLE_NS_ASSERTIONS = NO;
				ENABLE_STRICT_OBJC_MSGSEND = YES;
				GCC_C_LANGUAGE_STANDARD = gnu11;
				GCC_NO_COMMON_BLOCKS = YES;
				GCC_WARN_64_TO_32_BIT_CONVERSION = YES;
				GCC_WARN_ABOUT_RETURN_TYPE = YES_ERROR;
				GCC_WARN_UNDECLARED_SELECTOR = YES;
				GCC_WARN_UNINITIALIZED_AUTOS = YES_AGGRESSIVE;
				GCC_WARN_UNUSED_FUNCTION = YES;
				GCC_WARN_UNUSED_VARIABLE = YES;
				IPHONEOS_DEPLOYMENT_TARGET = 15.5;
				MTL_ENABLE_DEBUG_INFO = NO;
				MTL_FAST_MATH = YES;
				SDKROOT = iphoneos;
				SWIFT_COMPILATION_MODE = wholemodule;
				SWIFT_OPTIMIZATION_LEVEL = "-O";
				VALIDATE_PRODUCT = YES;
			};
			name = Release;
		};
		4C0C4CB628826010000777CF /* Debug */ = {
			isa = XCBuildConfiguration;
			buildSettings = {
				ASSETCATALOG_COMPILER_APPICON_NAME = AppIcon;
				ASSETCATALOG_COMPILER_GLOBAL_ACCENT_COLOR_NAME = AccentColor;
				CODE_SIGN_STYLE = Automatic;
				CURRENT_PROJECT_VERSION = 1;
				DEVELOPMENT_ASSET_PATHS = "\"Cat App/Preview Content\"";
				ENABLE_PREVIEWS = YES;
				GENERATE_INFOPLIST_FILE = YES;
				INFOPLIST_KEY_UIApplicationSceneManifest_Generation = YES;
				INFOPLIST_KEY_UIApplicationSupportsIndirectInputEvents = YES;
				INFOPLIST_KEY_UILaunchScreen_Generation = YES;
				INFOPLIST_KEY_UISupportedInterfaceOrientations_iPad = "UIInterfaceOrientationPortrait UIInterfaceOrientationPortraitUpsideDown UIInterfaceOrientationLandscapeLeft UIInterfaceOrientationLandscapeRight";
				INFOPLIST_KEY_UISupportedInterfaceOrientations_iPhone = "UIInterfaceOrientationPortrait UIInterfaceOrientationLandscapeLeft UIInterfaceOrientationLandscapeRight";
				LD_RUNPATH_SEARCH_PATHS = (
					"$(inherited)",
					"@executable_path/Frameworks",
				);
				MARKETING_VERSION = 1.0;
				PRODUCT_BUNDLE_IDENTIFIER = "dwizard11.Cat-App";
				PRODUCT_NAME = "$(TARGET_NAME)";
				SWIFT_EMIT_LOC_STRINGS = YES;
				SWIFT_VERSION = 5.0;
				TARGETED_DEVICE_FAMILY = "1,2";
			};
			name = Debug;
		};
		4C0C4CB728826010000777CF /* Release */ = {
			isa = XCBuildConfiguration;
			buildSettings = {
				ASSETCATALOG_COMPILER_APPICON_NAME = AppIcon;
				ASSETCATALOG_COMPILER_GLOBAL_ACCENT_COLOR_NAME = AccentColor;
				CODE_SIGN_STYLE = Automatic;
				CURRENT_PROJECT_VERSION = 1;
				DEVELOPMENT_ASSET_PATHS = "\"Cat App/Preview Content\"";
				ENABLE_PREVIEWS = YES;
				GENERATE_INFOPLIST_FILE = YES;
				INFOPLIST_KEY_UIApplicationSceneManifest_Generation = YES;
				INFOPLIST_KEY_UIApplicationSupportsIndirectInputEvents = YES;
				INFOPLIST_KEY_UILaunchScreen_Generation = YES;
				INFOPLIST_KEY_UISupportedInterfaceOrientations_iPad = "UIInterfaceOrientationPortrait UIInterfaceOrientationPortraitUpsideDown UIInterfaceOrientationLandscapeLeft UIInterfaceOrientationLandscapeRight";
				INFOPLIST_KEY_UISupportedInterfaceOrientations_iPhone = "UIInterfaceOrientationPortrait UIInterfaceOrientationLandscapeLeft UIInterfaceOrientationLandscapeRight";
				LD_RUNPATH_SEARCH_PATHS = (
					"$(inherited)",
					"@executable_path/Frameworks",
				);
				MARKETING_VERSION = 1.0;
				PRODUCT_BUNDLE_IDENTIFIER = "dwizard11.Cat-App";
				PRODUCT_NAME = "$(TARGET_NAME)";
				SWIFT_EMIT_LOC_STRINGS = YES;
				SWIFT_VERSION = 5.0;
				TARGETED_DEVICE_FAMILY = "1,2";
			};
			name = Release;
		};
/* End XCBuildConfiguration section */

/* Begin XCConfigurationList section */
		4C0C4CA228826010000777CF /* Build configuration list for PBXProject "Cat App" */ = {
			isa = XCConfigurationList;
			buildConfigurations = (
				4C0C4CB328826010000777CF /* Debug */,
				4C0C4CB428826010000777CF /* Release */,
			);
			defaultConfigurationIsVisible = 0;
			defaultConfigurationName = Release;
		};
		4C0C4CB528826010000777CF /* Build configuration list for PBXNativeTarget "Cat App" */ = {
			isa = XCConfigurationList;
			buildConfigurations = (
				4C0C4CB628826010000777CF /* Debug */,
				4C0C4CB728826010000777CF /* Release */,
			);
			defaultConfigurationIsVisible = 0;
			defaultConfigurationName = Release;
		};
/* End XCConfigurationList section */
	};
	rootObject = 4C0C4C9F28826010000777CF /* Project object */;
}
